// !$*UTF8*$!
{
	archiveVersion = 1;
	classes = {
	};
	objectVersion = 56;
	objects = {

/* Begin PBXBuildFile section */
		0F4A81A129444CD1004EEED1 /* AppDelegate.swift in Sources */ = {isa = PBXBuildFile; fileRef = 0F4A81A029444CD1004EEED1 /* AppDelegate.swift */; };
		0F4A81A329444CD1004EEED1 /* SceneDelegate.swift in Sources */ = {isa = PBXBuildFile; fileRef = 0F4A81A229444CD1004EEED1 /* SceneDelegate.swift */; };
		0F4A81A529444CD1004EEED1 /* ViewController.swift in Sources */ = {isa = PBXBuildFile; fileRef = 0F4A81A429444CD1004EEED1 /* ViewController.swift */; };
		0F4A81A829444CD1004EEED1 /* Main.storyboard in Resources */ = {isa = PBXBuildFile; fileRef = 0F4A81A629444CD1004EEED1 /* Main.storyboard */; };
		0F4A81AA29444CD3004EEED1 /* Assets.xcassets in Resources */ = {isa = PBXBuildFile; fileRef = 0F4A81A929444CD3004EEED1 /* Assets.xcassets */; };
		0F4A81AD29444CD3004EEED1 /* LaunchScreen.storyboard in Resources */ = {isa = PBXBuildFile; fileRef = 0F4A81AB29444CD3004EEED1 /* LaunchScreen.storyboard */; };
		0F4A81B629444CED004EEED1 /* DataWriter.swift in Sources */ = {isa = PBXBuildFile; fileRef = 0F4A81B529444CED004EEED1 /* DataWriter.swift */; };
		0F4A81BA294462AF004EEED1 /* Atomic.swift in Sources */ = {isa = PBXBuildFile; fileRef = 0F4A81B9294462AF004EEED1 /* Atomic.swift */; };
		0F4A81BC2944A858004EEED1 /* Test.plist in Resources */ = {isa = PBXBuildFile; fileRef = 0F4A81BB2944A858004EEED1 /* Test.plist */; };
		0F4A81C22944C5F2004EEED1 /* PlistError.swift in Sources */ = {isa = PBXBuildFile; fileRef = 0F4A81C12944C5F2004EEED1 /* PlistError.swift */; };
		0F4DA3BF296022DD004FA154 /* PlistCache.swift in Sources */ = {isa = PBXBuildFile; fileRef = 0F4DA3BE296022DD004FA154 /* PlistCache.swift */; };
		0FDDA43D295330AB007F158A /* DataReader.swift in Sources */ = {isa = PBXBuildFile; fileRef = 0FDDA43C295330AB007F158A /* DataReader.swift */; };
		0FDDA43F295330FD007F158A /* FilePath.swift in Sources */ = {isa = PBXBuildFile; fileRef = 0FDDA43E295330FD007F158A /* FilePath.swift */; };
		0FDDA44129533558007F158A /* Plist.swift in Sources */ = {isa = PBXBuildFile; fileRef = 0FDDA44029533558007F158A /* Plist.swift */; };
		0FDDA44329533ED2007F158A /* PlistDictionary.swift in Sources */ = {isa = PBXBuildFile; fileRef = 0FDDA44229533ED2007F158A /* PlistDictionary.swift */; };
/* End PBXBuildFile section */

/* Begin PBXFileReference section */
		0F4A819D29444CD1004EEED1 /* Plist.app */ = {isa = PBXFileReference; explicitFileType = wrapper.application; includeInIndex = 0; path = Plist.app; sourceTree = BUILT_PRODUCTS_DIR; };
		0F4A81A029444CD1004EEED1 /* AppDelegate.swift */ = {isa = PBXFileReference; lastKnownFileType = sourcecode.swift; path = AppDelegate.swift; sourceTree = "<group>"; };
		0F4A81A229444CD1004EEED1 /* SceneDelegate.swift */ = {isa = PBXFileReference; lastKnownFileType = sourcecode.swift; path = SceneDelegate.swift; sourceTree = "<group>"; };
		0F4A81A429444CD1004EEED1 /* ViewController.swift */ = {isa = PBXFileReference; lastKnownFileType = sourcecode.swift; path = ViewController.swift; sourceTree = "<group>"; };
		0F4A81A729444CD1004EEED1 /* Base */ = {isa = PBXFileReference; lastKnownFileType = file.storyboard; name = Base; path = Base.lproj/Main.storyboard; sourceTree = "<group>"; };
		0F4A81A929444CD3004EEED1 /* Assets.xcassets */ = {isa = PBXFileReference; lastKnownFileType = folder.assetcatalog; path = Assets.xcassets; sourceTree = "<group>"; };
		0F4A81AC29444CD3004EEED1 /* Base */ = {isa = PBXFileReference; lastKnownFileType = file.storyboard; name = Base; path = Base.lproj/LaunchScreen.storyboard; sourceTree = "<group>"; };
		0F4A81AE29444CD3004EEED1 /* Info.plist */ = {isa = PBXFileReference; lastKnownFileType = text.plist.xml; path = Info.plist; sourceTree = "<group>"; };
		0F4A81B529444CED004EEED1 /* DataWriter.swift */ = {isa = PBXFileReference; lastKnownFileType = sourcecode.swift; path = DataWriter.swift; sourceTree = "<group>"; };
		0F4A81B9294462AF004EEED1 /* Atomic.swift */ = {isa = PBXFileReference; lastKnownFileType = sourcecode.swift; path = Atomic.swift; sourceTree = "<group>"; };
		0F4A81BB2944A858004EEED1 /* Test.plist */ = {isa = PBXFileReference; lastKnownFileType = text.plist; path = Test.plist; sourceTree = "<group>"; };
		0F4A81C12944C5F2004EEED1 /* PlistError.swift */ = {isa = PBXFileReference; lastKnownFileType = sourcecode.swift; path = PlistError.swift; sourceTree = "<group>"; };
		0F4DA3BE296022DD004FA154 /* PlistCache.swift */ = {isa = PBXFileReference; lastKnownFileType = sourcecode.swift; path = PlistCache.swift; sourceTree = "<group>"; };
		0FDDA43C295330AB007F158A /* DataReader.swift */ = {isa = PBXFileReference; lastKnownFileType = sourcecode.swift; path = DataReader.swift; sourceTree = "<group>"; };
		0FDDA43E295330FD007F158A /* FilePath.swift */ = {isa = PBXFileReference; lastKnownFileType = sourcecode.swift; path = FilePath.swift; sourceTree = "<group>"; };
		0FDDA44029533558007F158A /* Plist.swift */ = {isa = PBXFileReference; lastKnownFileType = sourcecode.swift; path = Plist.swift; sourceTree = "<group>"; };
		0FDDA44229533ED2007F158A /* PlistDictionary.swift */ = {isa = PBXFileReference; lastKnownFileType = sourcecode.swift; path = PlistDictionary.swift; sourceTree = "<group>"; };
/* End PBXFileReference section */

/* Begin PBXFrameworksBuildPhase section */
		0F4A819A29444CD1004EEED1 /* Frameworks */ = {
			isa = PBXFrameworksBuildPhase;
			buildActionMask = 2147483647;
			files = (
			);
			runOnlyForDeploymentPostprocessing = 0;
		};
/* End PBXFrameworksBuildPhase section */

/* Begin PBXGroup section */
		0F4A819429444CD1004EEED1 = {
			isa = PBXGroup;
			children = (
				0F4A819F29444CD1004EEED1 /* Plist */,
				0F4A819E29444CD1004EEED1 /* Products */,
			);
			sourceTree = "<group>";
		};
		0F4A819E29444CD1004EEED1 /* Products */ = {
			isa = PBXGroup;
			children = (
				0F4A819D29444CD1004EEED1 /* Plist.app */,
			);
			name = Products;
			sourceTree = "<group>";
		};
		0F4A819F29444CD1004EEED1 /* Plist */ = {
			isa = PBXGroup;
			children = (
				0F4A81B429444CE2004EEED1 /* Plist */,
				0F4A81A029444CD1004EEED1 /* AppDelegate.swift */,
				0F4A81A229444CD1004EEED1 /* SceneDelegate.swift */,
				0F4A81A429444CD1004EEED1 /* ViewController.swift */,
				0F4A81A629444CD1004EEED1 /* Main.storyboard */,
				0F4A81A929444CD3004EEED1 /* Assets.xcassets */,
				0F4A81AB29444CD3004EEED1 /* LaunchScreen.storyboard */,
				0F4A81AE29444CD3004EEED1 /* Info.plist */,
				0F4A81BB2944A858004EEED1 /* Test.plist */,
			);
			path = Plist;
			sourceTree = "<group>";
		};
		0F4A81B429444CE2004EEED1 /* Plist */ = {
			isa = PBXGroup;
			children = (
				0F4A81C12944C5F2004EEED1 /* PlistError.swift */,
				0F4A81B9294462AF004EEED1 /* Atomic.swift */,
				0F4A81B529444CED004EEED1 /* DataWriter.swift */,
				0FDDA43C295330AB007F158A /* DataReader.swift */,
				0FDDA43E295330FD007F158A /* FilePath.swift */,
				0FDDA44029533558007F158A /* Plist.swift */,
				0FDDA44229533ED2007F158A /* PlistDictionary.swift */,
				0F4DA3BE296022DD004FA154 /* PlistCache.swift */,
			);
			path = Plist;
			sourceTree = "<group>";
		};
/* End PBXGroup section */

/* Begin PBXNativeTarget section */
		0F4A819C29444CD1004EEED1 /* Plist */ = {
			isa = PBXNativeTarget;
			buildConfigurationList = 0F4A81B129444CD3004EEED1 /* Build configuration list for PBXNativeTarget "Plist" */;
			buildPhases = (
				0F4A819929444CD1004EEED1 /* Sources */,
				0F4A819A29444CD1004EEED1 /* Frameworks */,
				0F4A819B29444CD1004EEED1 /* Resources */,
			);
			buildRules = (
			);
			dependencies = (
			);
			name = Plist;
			productName = Plist;
			productReference = 0F4A819D29444CD1004EEED1 /* Plist.app */;
			productType = "com.apple.product-type.application";
		};
/* End PBXNativeTarget section */

/* Begin PBXProject section */
		0F4A819529444CD1004EEED1 /* Project object */ = {
			isa = PBXProject;
			attributes = {
				BuildIndependentTargetsInParallel = 1;
				LastSwiftUpdateCheck = 1410;
				LastUpgradeCheck = 1410;
				TargetAttributes = {
					0F4A819C29444CD1004EEED1 = {
						CreatedOnToolsVersion = 14.1;
					};
				};
			};
			buildConfigurationList = 0F4A819829444CD1004EEED1 /* Build configuration list for PBXProject "Plist" */;
			compatibilityVersion = "Xcode 14.0";
			developmentRegion = en;
			hasScannedForEncodings = 0;
			knownRegions = (
				en,
				Base,
			);
			mainGroup = 0F4A819429444CD1004EEED1;
			productRefGroup = 0F4A819E29444CD1004EEED1 /* Products */;
			projectDirPath = "";
			projectRoot = "";
			targets = (
				0F4A819C29444CD1004EEED1 /* Plist */,
			);
		};
/* End PBXProject section */

/* Begin PBXResourcesBuildPhase section */
		0F4A819B29444CD1004EEED1 /* Resources */ = {
			isa = PBXResourcesBuildPhase;
			buildActionMask = 2147483647;
			files = (
				0F4A81BC2944A858004EEED1 /* Test.plist in Resources */,
				0F4A81AD29444CD3004EEED1 /* LaunchScreen.storyboard in Resources */,
				0F4A81AA29444CD3004EEED1 /* Assets.xcassets in Resources */,
				0F4A81A829444CD1004EEED1 /* Main.storyboard in Resources */,
			);
			runOnlyForDeploymentPostprocessing = 0;
		};
/* End PBXResourcesBuildPhase section */

/* Begin PBXSourcesBuildPhase section */
		0F4A819929444CD1004EEED1 /* Sources */ = {
			isa = PBXSourcesBuildPhase;
			buildActionMask = 2147483647;
			files = (
				0FDDA43D295330AB007F158A /* DataReader.swift in Sources */,
				0F4A81A529444CD1004EEED1 /* ViewController.swift in Sources */,
				0F4A81A129444CD1004EEED1 /* AppDelegate.swift in Sources */,
				0FDDA44129533558007F158A /* Plist.swift in Sources */,
				0F4A81C22944C5F2004EEED1 /* PlistError.swift in Sources */,
				0F4DA3BF296022DD004FA154 /* PlistCache.swift in Sources */,
				0F4A81B629444CED004EEED1 /* DataWriter.swift in Sources */,
				0FDDA44329533ED2007F158A /* PlistDictionary.swift in Sources */,
				0F4A81BA294462AF004EEED1 /* Atomic.swift in Sources */,
				0FDDA43F295330FD007F158A /* FilePath.swift in Sources */,
				0F4A81A329444CD1004EEED1 /* SceneDelegate.swift in Sources */,
			);
			runOnlyForDeploymentPostprocessing = 0;
		};
/* End PBXSourcesBuildPhase section */

/* Begin PBXVariantGroup section */
		0F4A81A629444CD1004EEED1 /* Main.storyboard */ = {
			isa = PBXVariantGroup;
			children = (
				0F4A81A729444CD1004EEED1 /* Base */,
			);
			name = Main.storyboard;
			sourceTree = "<group>";
		};
		0F4A81AB29444CD3004EEED1 /* LaunchScreen.storyboard */ = {
			isa = PBXVariantGroup;
			children = (
				0F4A81AC29444CD3004EEED1 /* Base */,
			);
			name = LaunchScreen.storyboard;
			sourceTree = "<group>";
		};
/* End PBXVariantGroup section */

/* Begin XCBuildConfiguration section */
		0F4A81AF29444CD3004EEED1 /* Debug */ = {
			isa = XCBuildConfiguration;
			buildSettings = {
				ALWAYS_SEARCH_USER_PATHS = NO;
				CLANG_ANALYZER_NONNULL = YES;
				CLANG_ANALYZER_NUMBER_OBJECT_CONVERSION = YES_AGGRESSIVE;
				CLANG_CXX_LANGUAGE_STANDARD = "gnu++20";
				CLANG_ENABLE_MODULES = YES;
				CLANG_ENABLE_OBJC_ARC = YES;
				CLANG_ENABLE_OBJC_WEAK = YES;
				CLANG_WARN_BLOCK_CAPTURE_AUTORELEASING = YES;
				CLANG_WARN_BOOL_CONVERSION = YES;
				CLANG_WARN_COMMA = YES;
				CLANG_WARN_CONSTANT_CONVERSION = YES;
				CLANG_WARN_DEPRECATED_OBJC_IMPLEMENTATIONS = YES;
				CLANG_WARN_DIRECT_OBJC_ISA_USAGE = YES_ERROR;
				CLANG_WARN_DOCUMENTATION_COMMENTS = YES;
				CLANG_WARN_EMPTY_BODY = YES;
				CLANG_WARN_ENUM_CONVERSION = YES;
				CLANG_WARN_INFINITE_RECURSION = YES;
				CLANG_WARN_INT_CONVERSION = YES;
				CLANG_WARN_NON_LITERAL_NULL_CONVERSION = YES;
				CLANG_WARN_OBJC_IMPLICIT_RETAIN_SELF = YES;
				CLANG_WARN_OBJC_LITERAL_CONVERSION = YES;
				CLANG_WARN_OBJC_ROOT_CLASS = YES_ERROR;
				CLANG_WARN_QUOTED_INCLUDE_IN_FRAMEWORK_HEADER = YES;
				CLANG_WARN_RANGE_LOOP_ANALYSIS = YES;
				CLANG_WARN_STRICT_PROTOTYPES = YES;
				CLANG_WARN_SUSPICIOUS_MOVE = YES;
				CLANG_WARN_UNGUARDED_AVAILABILITY = YES_AGGRESSIVE;
				CLANG_WARN_UNREACHABLE_CODE = YES;
				CLANG_WARN__DUPLICATE_METHOD_MATCH = YES;
				COPY_PHASE_STRIP = NO;
				DEBUG_INFORMATION_FORMAT = dwarf;
				ENABLE_STRICT_OBJC_MSGSEND = YES;
				ENABLE_TESTABILITY = YES;
				GCC_C_LANGUAGE_STANDARD = gnu11;
				GCC_DYNAMIC_NO_PIC = NO;
				GCC_NO_COMMON_BLOCKS = YES;
				GCC_OPTIMIZATION_LEVEL = 0;
				GCC_PREPROCESSOR_DEFINITIONS = (
					"DEBUG=1",
					"$(inherited)",
				);
				GCC_WARN_64_TO_32_BIT_CONVERSION = YES;
				GCC_WARN_ABOUT_RETURN_TYPE = YES_ERROR;
				GCC_WARN_UNDECLARED_SELECTOR = YES;
				GCC_WARN_UNINITIALIZED_AUTOS = YES_AGGRESSIVE;
				GCC_WARN_UNUSED_FUNCTION = YES;
				GCC_WARN_UNUSED_VARIABLE = YES;
				IPHONEOS_DEPLOYMENT_TARGET = 16.1;
				MTL_ENABLE_DEBUG_INFO = INCLUDE_SOURCE;
				MTL_FAST_MATH = YES;
				ONLY_ACTIVE_ARCH = YES;
				SDKROOT = iphoneos;
				SWIFT_ACTIVE_COMPILATION_CONDITIONS = DEBUG;
				SWIFT_OPTIMIZATION_LEVEL = "-Onone";
			};
			name = Debug;
		};
		0F4A81B029444CD3004EEED1 /* Release */ = {
			isa = XCBuildConfiguration;
			buildSettings = {
				ALWAYS_SEARCH_USER_PATHS = NO;
				CLANG_ANALYZER_NONNULL = YES;
				CLANG_ANALYZER_NUMBER_OBJECT_CONVERSION = YES_AGGRESSIVE;
				CLANG_CXX_LANGUAGE_STANDARD = "gnu++20";
				CLANG_ENABLE_MODULES = YES;
				CLANG_ENABLE_OBJC_ARC = YES;
				CLANG_ENABLE_OBJC_WEAK = YES;
				CLANG_WARN_BLOCK_CAPTURE_AUTORELEASING = YES;
				CLANG_WARN_BOOL_CONVERSION = YES;
				CLANG_WARN_COMMA = YES;
				CLANG_WARN_CONSTANT_CONVERSION = YES;
				CLANG_WARN_DEPRECATED_OBJC_IMPLEMENTATIONS = YES;
				CLANG_WARN_DIRECT_OBJC_ISA_USAGE = YES_ERROR;
				CLANG_WARN_DOCUMENTATION_COMMENTS = YES;
				CLANG_WARN_EMPTY_BODY = YES;
				CLANG_WARN_ENUM_CONVERSION = YES;
				CLANG_WARN_INFINITE_RECURSION = YES;
				CLANG_WARN_INT_CONVERSION = YES;
				CLANG_WARN_NON_LITERAL_NULL_CONVERSION = YES;
				CLANG_WARN_OBJC_IMPLICIT_RETAIN_SELF = YES;
				CLANG_WARN_OBJC_LITERAL_CONVERSION = YES;
				CLANG_WARN_OBJC_ROOT_CLASS = YES_ERROR;
				CLANG_WARN_QUOTED_INCLUDE_IN_FRAMEWORK_HEADER = YES;
				CLANG_WARN_RANGE_LOOP_ANALYSIS = YES;
				CLANG_WARN_STRICT_PROTOTYPES = YES;
				CLANG_WARN_SUSPICIOUS_MOVE = YES;
				CLANG_WARN_UNGUARDED_AVAILABILITY = YES_AGGRESSIVE;
				CLANG_WARN_UNREACHABLE_CODE = YES;
				CLANG_WARN__DUPLICATE_METHOD_MATCH = YES;
				COPY_PHASE_STRIP = NO;
				DEBUG_INFORMATION_FORMAT = "dwarf-with-dsym";
				ENABLE_NS_ASSERTIONS = NO;
				ENABLE_STRICT_OBJC_MSGSEND = YES;
				GCC_C_LANGUAGE_STANDARD = gnu11;
				GCC_NO_COMMON_BLOCKS = YES;
				GCC_WARN_64_TO_32_BIT_CONVERSION = YES;
				GCC_WARN_ABOUT_RETURN_TYPE = YES_ERROR;
				GCC_WARN_UNDECLARED_SELECTOR = YES;
				GCC_WARN_UNINITIALIZED_AUTOS = YES_AGGRESSIVE;
				GCC_WARN_UNUSED_FUNCTION = YES;
				GCC_WARN_UNUSED_VARIABLE = YES;
				IPHONEOS_DEPLOYMENT_TARGET = 16.1;
				MTL_ENABLE_DEBUG_INFO = NO;
				MTL_FAST_MATH = YES;
				SDKROOT = iphoneos;
				SWIFT_COMPILATION_MODE = wholemodule;
				SWIFT_OPTIMIZATION_LEVEL = "-O";
				VALIDATE_PRODUCT = YES;
			};
			name = Release;
		};
		0F4A81B229444CD3004EEED1 /* Debug */ = {
			isa = XCBuildConfiguration;
			buildSettings = {
				ASSETCATALOG_COMPILER_APPICON_NAME = AppIcon;
				ASSETCATALOG_COMPILER_GLOBAL_ACCENT_COLOR_NAME = AccentColor;
				CODE_SIGN_STYLE = Automatic;
				CURRENT_PROJECT_VERSION = 1;
				DEVELOPMENT_TEAM = K8EC7TWSSW;
				GENERATE_INFOPLIST_FILE = YES;
				INFOPLIST_FILE = Plist/Info.plist;
				INFOPLIST_KEY_UIApplicationSupportsIndirectInputEvents = YES;
				INFOPLIST_KEY_UILaunchStoryboardName = LaunchScreen;
				INFOPLIST_KEY_UIMainStoryboardFile = Main;
				INFOPLIST_KEY_UISupportedInterfaceOrientations_iPad = "UIInterfaceOrientationPortrait UIInterfaceOrientationPortraitUpsideDown UIInterfaceOrientationLandscapeLeft UIInterfaceOrientationLandscapeRight";
				INFOPLIST_KEY_UISupportedInterfaceOrientations_iPhone = "UIInterfaceOrientationPortrait UIInterfaceOrientationLandscapeLeft UIInterfaceOrientationLandscapeRight";
				IPHONEOS_DEPLOYMENT_TARGET = 13.0;
				LD_RUNPATH_SEARCH_PATHS = (
					"$(inherited)",
					"@executable_path/Frameworks",
				);
				MARKETING_VERSION = 1.0;
				PRODUCT_BUNDLE_IDENTIFIER = com.zzy.Plist;
				PRODUCT_NAME = "$(TARGET_NAME)";
				SWIFT_EMIT_LOC_STRINGS = YES;
				SWIFT_VERSION = 5.0;
				TARGETED_DEVICE_FAMILY = "1,2";
			};
			name = Debug;
		};
		0F4A81B329444CD3004EEED1 /* Release */ = {
			isa = XCBuildConfiguration;
			buildSettings = {
				ASSETCATALOG_COMPILER_APPICON_NAME = AppIcon;
				ASSETCATALOG_COMPILER_GLOBAL_ACCENT_COLOR_NAME = AccentColor;
				CODE_SIGN_STYLE = Automatic;
				CURRENT_PROJECT_VERSION = 1;
				DEVELOPMENT_TEAM = K8EC7TWSSW;
				GENERATE_INFOPLIST_FILE = YES;
				INFOPLIST_FILE = Plist/Info.plist;
				INFOPLIST_KEY_UIApplicationSupportsIndirectInputEvents = YES;
				INFOPLIST_KEY_UILaunchStoryboardName = LaunchScreen;
				INFOPLIST_KEY_UIMainStoryboardFile = Main;
				INFOPLIST_KEY_UISupportedInterfaceOrientations_iPad = "UIInterfaceOrientationPortrait UIInterfaceOrientationPortraitUpsideDown UIInterfaceOrientationLandscapeLeft UIInterfaceOrientationLandscapeRight";
				INFOPLIST_KEY_UISupportedInterfaceOrientations_iPhone = "UIInterfaceOrientationPortrait UIInterfaceOrientationLandscapeLeft UIInterfaceOrientationLandscapeRight";
				IPHONEOS_DEPLOYMENT_TARGET = 13.0;
				LD_RUNPATH_SEARCH_PATHS = (
					"$(inherited)",
					"@executable_path/Frameworks",
				);
				MARKETING_VERSION = 1.0;
				PRODUCT_BUNDLE_IDENTIFIER = com.zzy.Plist;
				PRODUCT_NAME = "$(TARGET_NAME)";
				SWIFT_EMIT_LOC_STRINGS = YES;
				SWIFT_VERSION = 5.0;
				TARGETED_DEVICE_FAMILY = "1,2";
			};
			name = Release;
		};
/* End XCBuildConfiguration section */

/* Begin XCConfigurationList section */
		0F4A819829444CD1004EEED1 /* Build configuration list for PBXProject "Plist" */ = {
			isa = XCConfigurationList;
			buildConfigurations = (
				0F4A81AF29444CD3004EEED1 /* Debug */,
				0F4A81B029444CD3004EEED1 /* Release */,
			);
			defaultConfigurationIsVisible = 0;
			defaultConfigurationName = Release;
		};
		0F4A81B129444CD3004EEED1 /* Build configuration list for PBXNativeTarget "Plist" */ = {
			isa = XCConfigurationList;
			buildConfigurations = (
				0F4A81B229444CD3004EEED1 /* Debug */,
				0F4A81B329444CD3004EEED1 /* Release */,
			);
			defaultConfigurationIsVisible = 0;
			defaultConfigurationName = Release;
		};
/* End XCConfigurationList section */
	};
	rootObject = 0F4A819529444CD1004EEED1 /* Project object */;
}
